<?xml version="1.0" encoding="utf-8"?>
<Project ToolsVersion="4.0" xmlns="http://schemas.microsoft.com/developer/msbuild/2003">
  <ItemGroup>
    <ClCompile Include="main.cpp" />
    <ClCompile Include="App.cpp">
      <Filter>Core</Filter>
    </ClCompile>
    <ClCompile Include="Renderer.cpp">
      <Filter>Rendering</Filter>
    </ClCompile>
    <ClCompile Include="SDL_FontCache.c">
      <Filter>Rendering</Filter>
    </ClCompile>
    <ClCompile Include="SmoothedValue.cpp">
      <Filter>Math</Filter>
    </ClCompile>
    <ClCompile Include="Simulation.cpp">
      <Filter>Simulation</Filter>
    </ClCompile>
    <ClCompile Include="Color.cpp">
      <Filter>Math</Filter>
    </ClCompile>
    <ClCompile Include="Vector.cpp">
      <Filter>Math</Filter>
    </ClCompile>
    <ClCompile Include="Rectangle.cpp">
      <Filter>Math</Filter>
    </ClCompile>
    <ClCompile Include="Line.cpp">
      <Filter>Math</Filter>
    </ClCompile>
    <ClCompile Include="Intersection.cpp">
      <Filter>Math</Filter>
    </ClCompile>
    <ClCompile Include="Timer.cpp">
      <Filter>Time</Filter>
    </ClCompile>
    <ClCompile Include="ScopedStopwatch.cpp">
      <Filter>Time</Filter>
    </ClCompile>
  </ItemGroup>
  <ItemGroup>
    <ClInclude Include="App.h">
      <Filter>Core</Filter>
    </ClInclude>
    <ClInclude Include="Renderer.h">
      <Filter>Rendering</Filter>
    </ClInclude>
    <ClInclude Include="SDL_FontCache.h">
      <Filter>Rendering</Filter>
    </ClInclude>
    <ClInclude Include="SmoothedValue.h">
      <Filter>Math</Filter>
    </ClInclude>
    <ClInclude Include="Simulation.h">
      <Filter>Simulation</Filter>
    </ClInclude>
    <ClInclude Include="Color.h">
      <Filter>Math</Filter>
    </ClInclude>
    <ClInclude Include="Vector.h">
      <Filter>Math</Filter>
    </ClInclude>
    <ClInclude Include="Rectangle.h">
      <Filter>Math</Filter>
    </ClInclude>
    <ClInclude Include="Line.h">
      <Filter>Math</Filter>
    </ClInclude>
    <ClInclude Include="Intersection.h">
      <Filter>Math</Filter>
    </ClInclude>
    <ClInclude Include="StrideView.h">
      <Filter>Rendering</Filter>
    </ClInclude>
    <ClInclude Include="Timer.h">
      <Filter>Time</Filter>
    </ClInclude>
    <ClInclude Include="ScopedStopwatch.h">
      <Filter>Time</Filter>
    </ClInclude>
  </ItemGroup>
  <ItemGroup>
    <Filter Include="Core">
      <UniqueIdentifier>{661a2a8b-5a16-4d18-8ae8-157ee05c714b}</UniqueIdentifier>
    </Filter>
    <Filter Include="Math">
      <UniqueIdentifier>{1bc37e88-d7df-4af0-903d-05179bd24bc5}</UniqueIdentifier>
    </Filter>
    <Filter Include="Rendering">
      <UniqueIdentifier>{cb9d90d0-f61b-4bdd-8c5d-1d047f4c32a7}</UniqueIdentifier>
    </Filter>
    <Filter Include="Simulation">
      <UniqueIdentifier>{be33a848-3d48-4611-af43-e84e983087a7}</UniqueIdentifier>
    </Filter>
    <Filter Include="Time">
      <UniqueIdentifier>{a5b71645-56a2-4cad-8a18-814343516b06}</UniqueIdentifier>
    </Filter>
  </ItemGroup>
</Project>